// !$*UTF8*$!
{
	archiveVersion = 1;
	classes = {
	};
	objectVersion = 50;
	objects = {

/* Begin PBXBuildFile section */
		830ECEF920C5A129001B2036 /* AppDelegate.swift in Sources */ = {isa = PBXBuildFile; fileRef = 830ECEF820C5A129001B2036 /* AppDelegate.swift */; };
		830ECF0020C5A129001B2036 /* Assets.xcassets in Resources */ = {isa = PBXBuildFile; fileRef = 830ECEFF20C5A129001B2036 /* Assets.xcassets */; };
		832D654220C7B90700552EA5 /* MMMLoginViewController.swift in Sources */ = {isa = PBXBuildFile; fileRef = 832D654120C7B90700552EA5 /* MMMLoginViewController.swift */; };
		832D654A20C92E2100552EA5 /* Ailee - 像初雪一样靠近你.mp3 in Resources */ = {isa = PBXBuildFile; fileRef = 832D654920C92E2000552EA5 /* Ailee - 像初雪一样靠近你.mp3 */; };
		832D654C20CA841600552EA5 /* Constant.swift in Sources */ = {isa = PBXBuildFile; fileRef = 832D654B20CA841600552EA5 /* Constant.swift */; };
		8334864020C974FB0031A90B /* MMMMusicPlayer.swift in Sources */ = {isa = PBXBuildFile; fileRef = 8334863F20C974FB0031A90B /* MMMMusicPlayer.swift */; };
		8334864420C976200031A90B /* MMMMineViewController.swift in Sources */ = {isa = PBXBuildFile; fileRef = 8334864320C976200031A90B /* MMMMineViewController.swift */; };
		8334864620C9762C0031A90B /* MMMPersonalViewController.swift in Sources */ = {isa = PBXBuildFile; fileRef = 8334864520C9762C0031A90B /* MMMPersonalViewController.swift */; };
		8334864820C976400031A90B /* MMMPlayViewController.swift in Sources */ = {isa = PBXBuildFile; fileRef = 8334864720C976400031A90B /* MMMPlayViewController.swift */; };
		8334864E20C976DA0031A90B /* MMMHomeViewController.swift in Sources */ = {isa = PBXBuildFile; fileRef = 8334864D20C976DA0031A90B /* MMMHomeViewController.swift */; };
		8334865020C976FB0031A90B /* MMMSegmentView.swift in Sources */ = {isa = PBXBuildFile; fileRef = 8334864F20C976FB0031A90B /* MMMSegmentView.swift */; };
		8334865220C997690031A90B /* MMMBaseViewController.swift in Sources */ = {isa = PBXBuildFile; fileRef = 8334865120C997690031A90B /* MMMBaseViewController.swift */; };
		AA4CCA17BB0EEADE4C2EB3A6 /* Pods_MumuMusic.framework in Frameworks */ = {isa = PBXBuildFile; fileRef = 6CC9D454CCB552B1B7E03615 /* Pods_MumuMusic.framework */; };
/* End PBXBuildFile section */

/* Begin PBXFileReference section */
		3E7814F2A45D582C86A75E3E /* Pods-MumuMusic.release.xcconfig */ = {isa = PBXFileReference; includeInIndex = 1; lastKnownFileType = text.xcconfig; name = "Pods-MumuMusic.release.xcconfig"; path = "Pods/Target Support Files/Pods-MumuMusic/Pods-MumuMusic.release.xcconfig"; sourceTree = "<group>"; };
		41B5DE08C36783717A1F9B15 /* Pods-MumuMusic.debug.xcconfig */ = {isa = PBXFileReference; includeInIndex = 1; lastKnownFileType = text.xcconfig; name = "Pods-MumuMusic.debug.xcconfig"; path = "Pods/Target Support Files/Pods-MumuMusic/Pods-MumuMusic.debug.xcconfig"; sourceTree = "<group>"; };
		6CC9D454CCB552B1B7E03615 /* Pods_MumuMusic.framework */ = {isa = PBXFileReference; explicitFileType = wrapper.framework; includeInIndex = 0; path = Pods_MumuMusic.framework; sourceTree = BUILT_PRODUCTS_DIR; };
		830ECEF520C5A129001B2036 /* MumuMusic.app */ = {isa = PBXFileReference; explicitFileType = wrapper.application; includeInIndex = 0; path = MumuMusic.app; sourceTree = BUILT_PRODUCTS_DIR; };
		830ECEF820C5A129001B2036 /* AppDelegate.swift */ = {isa = PBXFileReference; lastKnownFileType = sourcecode.swift; path = AppDelegate.swift; sourceTree = "<group>"; };
		830ECEFF20C5A129001B2036 /* Assets.xcassets */ = {isa = PBXFileReference; lastKnownFileType = folder.assetcatalog; path = Assets.xcassets; sourceTree = "<group>"; };
		830ECF0420C5A129001B2036 /* Info.plist */ = {isa = PBXFileReference; lastKnownFileType = text.plist.xml; path = Info.plist; sourceTree = "<group>"; };
		832D654120C7B90700552EA5 /* MMMLoginViewController.swift */ = {isa = PBXFileReference; lastKnownFileType = sourcecode.swift; path = MMMLoginViewController.swift; sourceTree = "<group>"; };
		832D654920C92E2000552EA5 /* Ailee - 像初雪一样靠近你.mp3 */ = {isa = PBXFileReference; lastKnownFileType = audio.mp3; path = "Ailee - 像初雪一样靠近你.mp3"; sourceTree = "<group>"; };
		832D654B20CA841600552EA5 /* Constant.swift */ = {isa = PBXFileReference; lastKnownFileType = sourcecode.swift; path = Constant.swift; sourceTree = "<group>"; };
		8334863F20C974FB0031A90B /* MMMMusicPlayer.swift */ = {isa = PBXFileReference; fileEncoding = 4; lastKnownFileType = sourcecode.swift; path = MMMMusicPlayer.swift; sourceTree = "<group>"; };
		8334864320C976200031A90B /* MMMMineViewController.swift */ = {isa = PBXFileReference; lastKnownFileType = sourcecode.swift; path = MMMMineViewController.swift; sourceTree = "<group>"; };
		8334864520C9762C0031A90B /* MMMPersonalViewController.swift */ = {isa = PBXFileReference; lastKnownFileType = sourcecode.swift; path = MMMPersonalViewController.swift; sourceTree = "<group>"; };
		8334864720C976400031A90B /* MMMPlayViewController.swift */ = {isa = PBXFileReference; lastKnownFileType = sourcecode.swift; path = MMMPlayViewController.swift; sourceTree = "<group>"; };
		8334864D20C976DA0031A90B /* MMMHomeViewController.swift */ = {isa = PBXFileReference; fileEncoding = 4; lastKnownFileType = sourcecode.swift; path = MMMHomeViewController.swift; sourceTree = "<group>"; };
		8334864F20C976FB0031A90B /* MMMSegmentView.swift */ = {isa = PBXFileReference; lastKnownFileType = sourcecode.swift; path = MMMSegmentView.swift; sourceTree = "<group>"; };
		8334865120C997690031A90B /* MMMBaseViewController.swift */ = {isa = PBXFileReference; lastKnownFileType = sourcecode.swift; path = MMMBaseViewController.swift; sourceTree = "<group>"; };
/* End PBXFileReference section */

/* Begin PBXFrameworksBuildPhase section */
		830ECEF220C5A129001B2036 /* Frameworks */ = {
			isa = PBXFrameworksBuildPhase;
			buildActionMask = 2147483647;
			files = (
				AA4CCA17BB0EEADE4C2EB3A6 /* Pods_MumuMusic.framework in Frameworks */,
			);
			runOnlyForDeploymentPostprocessing = 0;
		};
/* End PBXFrameworksBuildPhase section */

/* Begin PBXGroup section */
		6AC94346D4F127D63232BE75 /* Frameworks */ = {
			isa = PBXGroup;
			children = (
				6CC9D454CCB552B1B7E03615 /* Pods_MumuMusic.framework */,
			);
			name = Frameworks;
			sourceTree = "<group>";
		};
		830ECEEC20C5A129001B2036 = {
			isa = PBXGroup;
			children = (
				830ECEF720C5A129001B2036 /* MumuMusic */,
				830ECEF620C5A129001B2036 /* Products */,
				D06984C126C2C7F59051FF32 /* Pods */,
				6AC94346D4F127D63232BE75 /* Frameworks */,
			);
			sourceTree = "<group>";
		};
		830ECEF620C5A129001B2036 /* Products */ = {
			isa = PBXGroup;
			children = (
				830ECEF520C5A129001B2036 /* MumuMusic.app */,
			);
			name = Products;
			sourceTree = "<group>";
		};
		830ECEF720C5A129001B2036 /* MumuMusic */ = {
			isa = PBXGroup;
			children = (
				8334864920C976CF0031A90B /* Common */,
				8334863D20C974FB0031A90B /* Home */,
				8334863C20C974FB0031A90B /* Mine */,
				8334863B20C974FB0031A90B /* Personal */,
				8334863E20C974FB0031A90B /* Play */,
				832D654820C92E2000552EA5 /* Music */,
				830ECEF820C5A129001B2036 /* AppDelegate.swift */,
				830ECEFF20C5A129001B2036 /* Assets.xcassets */,
				830ECF0420C5A129001B2036 /* Info.plist */,
				832D654120C7B90700552EA5 /* MMMLoginViewController.swift */,
			);
			path = MumuMusic;
			sourceTree = "<group>";
		};
		832D654820C92E2000552EA5 /* Music */ = {
			isa = PBXGroup;
			children = (
				832D654920C92E2000552EA5 /* Ailee - 像初雪一样靠近你.mp3 */,
			);
			path = Music;
			sourceTree = "<group>";
		};
		8334863B20C974FB0031A90B /* Personal */ = {
			isa = PBXGroup;
			children = (
				8334864520C9762C0031A90B /* MMMPersonalViewController.swift */,
			);
			path = Personal;
			sourceTree = "<group>";
		};
		8334863C20C974FB0031A90B /* Mine */ = {
			isa = PBXGroup;
			children = (
				8334864320C976200031A90B /* MMMMineViewController.swift */,
			);
			path = Mine;
			sourceTree = "<group>";
		};
		8334863D20C974FB0031A90B /* Home */ = {
			isa = PBXGroup;
			children = (
				8334864C20C976DA0031A90B /* Controller */,
				8334864A20C976DA0031A90B /* Manager */,
				8334864B20C976DA0031A90B /* View */,
			);
			path = Home;
			sourceTree = "<group>";
		};
		8334863E20C974FB0031A90B /* Play */ = {
			isa = PBXGroup;
			children = (
				8334863F20C974FB0031A90B /* MMMMusicPlayer.swift */,
				8334864720C976400031A90B /* MMMPlayViewController.swift */,
			);
			path = Play;
			sourceTree = "<group>";
		};
		8334864920C976CF0031A90B /* Common */ = {
			isa = PBXGroup;
			children = (
				8334864F20C976FB0031A90B /* MMMSegmentView.swift */,
				8334865120C997690031A90B /* MMMBaseViewController.swift */,
				832D654B20CA841600552EA5 /* Constant.swift */,
			);
			path = Common;
			sourceTree = "<group>";
		};
		8334864A20C976DA0031A90B /* Manager */ = {
			isa = PBXGroup;
			children = (
			);
			path = Manager;
			sourceTree = "<group>";
		};
		8334864B20C976DA0031A90B /* View */ = {
			isa = PBXGroup;
			children = (
			);
			path = View;
			sourceTree = "<group>";
		};
		8334864C20C976DA0031A90B /* Controller */ = {
			isa = PBXGroup;
			children = (
				8334864D20C976DA0031A90B /* MMMHomeViewController.swift */,
			);
			path = Controller;
			sourceTree = "<group>";
		};
		D06984C126C2C7F59051FF32 /* Pods */ = {
			isa = PBXGroup;
			children = (
				41B5DE08C36783717A1F9B15 /* Pods-MumuMusic.debug.xcconfig */,
				3E7814F2A45D582C86A75E3E /* Pods-MumuMusic.release.xcconfig */,
			);
			name = Pods;
			sourceTree = "<group>";
		};
/* End PBXGroup section */

/* Begin PBXNativeTarget section */
		830ECEF420C5A129001B2036 /* MumuMusic */ = {
			isa = PBXNativeTarget;
			buildConfigurationList = 830ECF0720C5A129001B2036 /* Build configuration list for PBXNativeTarget "MumuMusic" */;
			buildPhases = (
				04AB3232770E1A52860506FB /* [CP] Check Pods Manifest.lock */,
				830ECEF120C5A129001B2036 /* Sources */,
				830ECEF220C5A129001B2036 /* Frameworks */,
				830ECEF320C5A129001B2036 /* Resources */,
				A0926044134A2CB2229BFB70 /* [CP] Embed Pods Frameworks */,
			);
			buildRules = (
			);
			dependencies = (
			);
			name = MumuMusic;
			productName = MumuMusic;
			productReference = 830ECEF520C5A129001B2036 /* MumuMusic.app */;
			productType = "com.apple.product-type.application";
		};
/* End PBXNativeTarget section */

/* Begin PBXProject section */
		830ECEED20C5A129001B2036 /* Project object */ = {
			isa = PBXProject;
			attributes = {
				CLASSPREFIX = MMM;
				LastSwiftUpdateCheck = 0940;
				LastUpgradeCheck = 0940;
				ORGANIZATIONNAME = "卞方庆";
				TargetAttributes = {
					830ECEF420C5A129001B2036 = {
						CreatedOnToolsVersion = 9.4;
					};
				};
			};
			buildConfigurationList = 830ECEF020C5A129001B2036 /* Build configuration list for PBXProject "MumuMusic" */;
			compatibilityVersion = "Xcode 9.3";
			developmentRegion = en;
			hasScannedForEncodings = 0;
			knownRegions = (
				en,
				Base,
			);
			mainGroup = 830ECEEC20C5A129001B2036;
			productRefGroup = 830ECEF620C5A129001B2036 /* Products */;
			projectDirPath = "";
			projectRoot = "";
			targets = (
				830ECEF420C5A129001B2036 /* MumuMusic */,
			);
		};
/* End PBXProject section */

/* Begin PBXResourcesBuildPhase section */
		830ECEF320C5A129001B2036 /* Resources */ = {
			isa = PBXResourcesBuildPhase;
			buildActionMask = 2147483647;
			files = (
				830ECF0020C5A129001B2036 /* Assets.xcassets in Resources */,
				832D654A20C92E2100552EA5 /* Ailee - 像初雪一样靠近你.mp3 in Resources */,
			);
			runOnlyForDeploymentPostprocessing = 0;
		};
/* End PBXResourcesBuildPhase section */

/* Begin PBXShellScriptBuildPhase section */
		04AB3232770E1A52860506FB /* [CP] Check Pods Manifest.lock */ = {
			isa = PBXShellScriptBuildPhase;
			buildActionMask = 2147483647;
			files = (
			);
			inputPaths = (
				"${PODS_PODFILE_DIR_PATH}/Podfile.lock",
				"${PODS_ROOT}/Manifest.lock",
			);
			name = "[CP] Check Pods Manifest.lock";
			outputPaths = (
				"$(DERIVED_FILE_DIR)/Pods-MumuMusic-checkManifestLockResult.txt",
			);
			runOnlyForDeploymentPostprocessing = 0;
			shellPath = /bin/sh;
			shellScript = "diff \"${PODS_PODFILE_DIR_PATH}/Podfile.lock\" \"${PODS_ROOT}/Manifest.lock\" > /dev/null\nif [ $? != 0 ] ; then\n    # print error to STDERR\n    echo \"error: The sandbox is not in sync with the Podfile.lock. Run 'pod install' or update your CocoaPods installation.\" >&2\n    exit 1\nfi\n# This output is used by Xcode 'outputs' to avoid re-running this script phase.\necho \"SUCCESS\" > \"${SCRIPT_OUTPUT_FILE_0}\"\n";
			showEnvVarsInLog = 0;
		};
		A0926044134A2CB2229BFB70 /* [CP] Embed Pods Frameworks */ = {
			isa = PBXShellScriptBuildPhase;
			buildActionMask = 2147483647;
			files = (
			);
			inputPaths = (
				"${SRCROOT}/Pods/Target Support Files/Pods-MumuMusic/Pods-MumuMusic-frameworks.sh",
				"${BUILT_PRODUCTS_DIR}/SnapKit/SnapKit.framework",
			);
			name = "[CP] Embed Pods Frameworks";
			outputPaths = (
				"${TARGET_BUILD_DIR}/${FRAMEWORKS_FOLDER_PATH}/SnapKit.framework",
			);
			runOnlyForDeploymentPostprocessing = 0;
			shellPath = /bin/sh;
			shellScript = "\"${SRCROOT}/Pods/Target Support Files/Pods-MumuMusic/Pods-MumuMusic-frameworks.sh\"\n";
			showEnvVarsInLog = 0;
		};
/* End PBXShellScriptBuildPhase section */

/* Begin PBXSourcesBuildPhase section */
		830ECEF120C5A129001B2036 /* Sources */ = {
			isa = PBXSourcesBuildPhase;
			buildActionMask = 2147483647;
			files = (
				8334865020C976FB0031A90B /* MMMSegmentView.swift in Sources */,
				8334865220C997690031A90B /* MMMBaseViewController.swift in Sources */,
				832D654220C7B90700552EA5 /* MMMLoginViewController.swift in Sources */,
				8334864820C976400031A90B /* MMMPlayViewController.swift in Sources */,
				8334864620C9762C0031A90B /* MMMPersonalViewController.swift in Sources */,
				830ECEF920C5A129001B2036 /* AppDelegate.swift in Sources */,
				8334864E20C976DA0031A90B /* MMMHomeViewController.swift in Sources */,
				832D654C20CA841600552EA5 /* Constant.swift in Sources */,
				8334864420C976200031A90B /* MMMMineViewController.swift in Sources */,
				8334864020C974FB0031A90B /* MMMMusicPlayer.swift in Sources */,
			);
			runOnlyForDeploymentPostprocessing = 0;
		};
/* End PBXSourcesBuildPhase section */

/* Begin XCBuildConfiguration section */
		830ECF0520C5A129001B2036 /* Debug */ = {
			isa = XCBuildConfiguration;
			buildSettings = {
				ALWAYS_SEARCH_USER_PATHS = NO;
				CLANG_ANALYZER_NONNULL = YES;
				CLANG_ANALYZER_NUMBER_OBJECT_CONVERSION = YES_AGGRESSIVE;
				CLANG_CXX_LANGUAGE_STANDARD = "gnu++14";
				CLANG_CXX_LIBRARY = "libc++";
				CLANG_ENABLE_MODULES = YES;
				CLANG_ENABLE_OBJC_ARC = YES;
				CLANG_ENABLE_OBJC_WEAK = YES;
				CLANG_WARN_BLOCK_CAPTURE_AUTORELEASING = YES;
				CLANG_WARN_BOOL_CONVERSION = YES;
				CLANG_WARN_COMMA = YES;
				CLANG_WARN_CONSTANT_CONVERSION = YES;
				CLANG_WARN_DEPRECATED_OBJC_IMPLEMENTATIONS = YES;
				CLANG_WARN_DIRECT_OBJC_ISA_USAGE = YES_ERROR;
				CLANG_WARN_DOCUMENTATION_COMMENTS = YES;
				CLANG_WARN_EMPTY_BODY = YES;
				CLANG_WARN_ENUM_CONVERSION = YES;
				CLANG_WARN_INFINITE_RECURSION = YES;
				CLANG_WARN_INT_CONVERSION = YES;
				CLANG_WARN_NON_LITERAL_NULL_CONVERSION = YES;
				CLANG_WARN_OBJC_IMPLICIT_RETAIN_SELF = YES;
				CLANG_WARN_OBJC_LITERAL_CONVERSION = YES;
				CLANG_WARN_OBJC_ROOT_CLASS = YES_ERROR;
				CLANG_WARN_RANGE_LOOP_ANALYSIS = YES;
				CLANG_WARN_STRICT_PROTOTYPES = YES;
				CLANG_WARN_SUSPICIOUS_MOVE = YES;
				CLANG_WARN_UNGUARDED_AVAILABILITY = YES_AGGRESSIVE;
				CLANG_WARN_UNREACHABLE_CODE = YES;
				CLANG_WARN__DUPLICATE_METHOD_MATCH = YES;
				CODE_SIGN_IDENTITY = "iPhone Developer";
				COPY_PHASE_STRIP = NO;
				DEBUG_INFORMATION_FORMAT = dwarf;
				ENABLE_STRICT_OBJC_MSGSEND = YES;
				ENABLE_TESTABILITY = YES;
				GCC_C_LANGUAGE_STANDARD = gnu11;
				GCC_DYNAMIC_NO_PIC = NO;
				GCC_NO_COMMON_BLOCKS = YES;
				GCC_OPTIMIZATION_LEVEL = 0;
				GCC_PREPROCESSOR_DEFINITIONS = (
					"DEBUG=1",
					"$(inherited)",
				);
				GCC_WARN_64_TO_32_BIT_CONVERSION = YES;
				GCC_WARN_ABOUT_RETURN_TYPE = YES_ERROR;
				GCC_WARN_UNDECLARED_SELECTOR = YES;
				GCC_WARN_UNINITIALIZED_AUTOS = YES_AGGRESSIVE;
				GCC_WARN_UNUSED_FUNCTION = YES;
				GCC_WARN_UNUSED_VARIABLE = YES;
				IPHONEOS_DEPLOYMENT_TARGET = 11.4;
				MTL_ENABLE_DEBUG_INFO = YES;
				ONLY_ACTIVE_ARCH = YES;
				SDKROOT = iphoneos;
				SWIFT_ACTIVE_COMPILATION_CONDITIONS = DEBUG;
				SWIFT_OPTIMIZATION_LEVEL = "-Onone";
			};
			name = Debug;
		};
		830ECF0620C5A129001B2036 /* Release */ = {
			isa = XCBuildConfiguration;
			buildSettings = {
				ALWAYS_SEARCH_USER_PATHS = NO;
				CLANG_ANALYZER_NONNULL = YES;
				CLANG_ANALYZER_NUMBER_OBJECT_CONVERSION = YES_AGGRESSIVE;
				CLANG_CXX_LANGUAGE_STANDARD = "gnu++14";
				CLANG_CXX_LIBRARY = "libc++";
				CLANG_ENABLE_MODULES = YES;
				CLANG_ENABLE_OBJC_ARC = YES;
				CLANG_ENABLE_OBJC_WEAK = YES;
				CLANG_WARN_BLOCK_CAPTURE_AUTORELEASING = YES;
				CLANG_WARN_BOOL_CONVERSION = YES;
				CLANG_WARN_COMMA = YES;
				CLANG_WARN_CONSTANT_CONVERSION = YES;
				CLANG_WARN_DEPRECATED_OBJC_IMPLEMENTATIONS = YES;
				CLANG_WARN_DIRECT_OBJC_ISA_USAGE = YES_ERROR;
				CLANG_WARN_DOCUMENTATION_COMMENTS = YES;
				CLANG_WARN_EMPTY_BODY = YES;
				CLANG_WARN_ENUM_CONVERSION = YES;
				CLANG_WARN_INFINITE_RECURSION = YES;
				CLANG_WARN_INT_CONVERSION = YES;
				CLANG_WARN_NON_LITERAL_NULL_CONVERSION = YES;
				CLANG_WARN_OBJC_IMPLICIT_RETAIN_SELF = YES;
				CLANG_WARN_OBJC_LITERAL_CONVERSION = YES;
				CLANG_WARN_OBJC_ROOT_CLASS = YES_ERROR;
				CLANG_WARN_RANGE_LOOP_ANALYSIS = YES;
				CLANG_WARN_STRICT_PROTOTYPES = YES;
				CLANG_WARN_SUSPICIOUS_MOVE = YES;
				CLANG_WARN_UNGUARDED_AVAILABILITY = YES_AGGRESSIVE;
				CLANG_WARN_UNREACHABLE_CODE = YES;
				CLANG_WARN__DUPLICATE_METHOD_MATCH = YES;
				CODE_SIGN_IDENTITY = "iPhone Developer";
				COPY_PHASE_STRIP = NO;
				DEBUG_INFORMATION_FORMAT = "dwarf-with-dsym";
				ENABLE_NS_ASSERTIONS = NO;
				ENABLE_STRICT_OBJC_MSGSEND = YES;
				GCC_C_LANGUAGE_STANDARD = gnu11;
				GCC_NO_COMMON_BLOCKS = YES;
				GCC_WARN_64_TO_32_BIT_CONVERSION = YES;
				GCC_WARN_ABOUT_RETURN_TYPE = YES_ERROR;
				GCC_WARN_UNDECLARED_SELECTOR = YES;
				GCC_WARN_UNINITIALIZED_AUTOS = YES_AGGRESSIVE;
				GCC_WARN_UNUSED_FUNCTION = YES;
				GCC_WARN_UNUSED_VARIABLE = YES;
				IPHONEOS_DEPLOYMENT_TARGET = 11.4;
				MTL_ENABLE_DEBUG_INFO = NO;
				SDKROOT = iphoneos;
				SWIFT_COMPILATION_MODE = wholemodule;
				SWIFT_OPTIMIZATION_LEVEL = "-O";
				VALIDATE_PRODUCT = YES;
			};
			name = Release;
		};
		830ECF0820C5A129001B2036 /* Debug */ = {
			isa = XCBuildConfiguration;
			baseConfigurationReference = 41B5DE08C36783717A1F9B15 /* Pods-MumuMusic.debug.xcconfig */;
			buildSettings = {
				ASSETCATALOG_COMPILER_APPICON_NAME = AppIcon;
				CODE_SIGN_STYLE = Automatic;
				DEVELOPMENT_TEAM = N84MV724GL;
				INFOPLIST_FILE = MumuMusic/Info.plist;
				LD_RUNPATH_SEARCH_PATHS = (
					"$(inherited)",
					"@executable_path/Frameworks",
				);
				PRODUCT_BUNDLE_IDENTIFIER = S.H.I.E.L.D.MumuMusic;
				PRODUCT_NAME = "$(TARGET_NAME)";
				SWIFT_VERSION = 4.0;
				TARGETED_DEVICE_FAMILY = "1,2";
			};
			name = Debug;
		};
		830ECF0920C5A129001B2036 /* Release */ = {
			isa = XCBuildConfiguration;
			baseConfigurationReference = 3E7814F2A45D582C86A75E3E /* Pods-MumuMusic.release.xcconfig */;
			buildSettings = {
				ASSETCATALOG_COMPILER_APPICON_NAME = AppIcon;
				CODE_SIGN_STYLE = Automatic;
				DEVELOPMENT_TEAM = N84MV724GL;
				INFOPLIST_FILE = MumuMusic/Info.plist;
				LD_RUNPATH_SEARCH_PATHS = (
					"$(inherited)",
					"@executable_path/Frameworks",
				);
				PRODUCT_BUNDLE_IDENTIFIER = S.H.I.E.L.D.MumuMusic;
				PRODUCT_NAME = "$(TARGET_NAME)";
				SWIFT_VERSION = 4.0;
				TARGETED_DEVICE_FAMILY = "1,2";
			};
			name = Release;
		};
/* End XCBuildConfiguration section */

/* Begin XCConfigurationList section */
		830ECEF020C5A129001B2036 /* Build configuration list for PBXProject "MumuMusic" */ = {
			isa = XCConfigurationList;
			buildConfigurations = (
				830ECF0520C5A129001B2036 /* Debug */,
				830ECF0620C5A129001B2036 /* Release */,
			);
			defaultConfigurationIsVisible = 0;
			defaultConfigurationName = Release;
		};
		830ECF0720C5A129001B2036 /* Build configuration list for PBXNativeTarget "MumuMusic" */ = {
			isa = XCConfigurationList;
			buildConfigurations = (
				830ECF0820C5A129001B2036 /* Debug */,
				830ECF0920C5A129001B2036 /* Release */,
			);
			defaultConfigurationIsVisible = 0;
			defaultConfigurationName = Release;
		};
/* End XCConfigurationList section */
	};
	rootObject = 830ECEED20C5A129001B2036 /* Project object */;
}
